{
    "_readme": [
        "This file locks the dependencies of your project to a known state",
        "Read more about it at http://getcomposer.org/doc/01-basic-usage.md#composer-lock-the-lock-file",
        "This file is @generated automatically"
    ],
    "hash": "7df2b21f4e7c7662388a6401ebfdce65",
    "packages": [
        {
            "name": "react/event-loop",
            "version": "dev-libuv",
            "source": {
                "type": "git",
                "url": "http://github.com/steverhoades/event-loop",
                "reference": "53b04ad8a59f8aacae8e2aa7ee804e0ddf1c5972"
            },
            "require": {
                "php": ">=5.4.0"
            },
            "suggest": {
                "ext-event": "~1.0",
                "ext-libev": "*",
                "ext-libevent": ">=0.1.0"
            },
            "type": "library",
            "extra": {
                "branch-alias": {
                    "dev-master": "0.5-dev"
                }
            },
            "autoload": {
                "psr-4": {
                    "React\\EventLoop\\": "src"
                }
            },
            "license": [
                "MIT"
            ],
            "description": "Event loop abstraction layer that libraries can use for evented I/O.",
            "keywords": [
                "asynchronous",
                "event-loop"
            ],
            "time": "2014-11-10 17:38:11"
        },
        {
            "name": "react/promise",
            "version": "v2.1.0",
            "source": {
                "type": "git",
                "url": "https://github.com/reactphp/promise.git",
                "reference": "937b04f1b0ee8f6d180e75a0830aac778ca4bcd6"
            },
            "dist": {
                "type": "zip",
                "url": "https://api.github.com/repos/reactphp/promise/zipball/937b04f1b0ee8f6d180e75a0830aac778ca4bcd6",
                "reference": "937b04f1b0ee8f6d180e75a0830aac778ca4bcd6",
                "shasum": ""
            },
            "require": {
                "php": ">=5.4.0"
            },
            "type": "library",
            "extra": {
                "branch-alias": {
                    "dev-master": "2.0-dev"
                }
            },
            "autoload": {
                "psr-4": {
                    "React\\Promise\\": "src/"
                },
                "files": [
                    "src/functions.php"
                ]
            },
            "notification-url": "https://packagist.org/downloads/",
            "license": [
                "MIT"
            ],
            "authors": [
                {
                    "name": "Jan Sorgalla",
                    "email": "jsorgalla@googlemail.com"
                }
            ],
            "description": "A lightweight implementation of CommonJS Promises/A for PHP",
            "time": "2014-10-15 20:05:57"
        }
    ],
    "packages-dev": [

    ],
    "aliases": [

    ],
    "minimum-stability": "stable",
    "stability-flags": {
        "react/event-loop": 20
    },
    "prefer-stable": false,
    "platform": {
        "php": ">=5.4.0"
    },
    "platform-dev": [

    ]
}
